
Microsoft Visual Studio Solution File, Format Version 12.00
# Visual Studio Version 16
VisualStudioVersion = 16.0.29209.62
MinimumVisualStudioVersion = 10.0.40219.1
Project("{FAE04EC0-301F-11D3-BF4B-00C04F79EFBC}") = "Algorithms", "Algorithms\Algorithms.csproj", "{7C5F5DE9-FF21-4E35-B514-7B053265EDF6}"
EndProject
Project("{FAE04EC0-301F-11D3-BF4B-00C04F79EFBC}") = "UnitTestProject", "UnitTestProject\UnitTestProject.csproj", "{2C878615-7D95-4E29-BF4E-6129102FF382}"
EndProject
Project("{FAE04EC0-301F-11D3-BF4B-00C04F79EFBC}") = "AlgorithmsTests", "AlgorithmsTests\AlgorithmsTests.csproj", "{FB176BC0-0EE5-4B5A-8A4C-29A6C9B9CF92}"
EndProject
Global
	GlobalSection(SolutionConfigurationPlatforms) = preSolution
		Debug|Any CPU = Debug|Any CPU
		Release|Any CPU = Release|Any CPU
	EndGlobalSection
	GlobalSection(ProjectConfigurationPlatforms) = postSolution
		{7C5F5DE9-FF21-4E35-B514-7B053265EDF6}.Debug|Any CPU.ActiveCfg = Debug|Any CPU
		{7C5F5DE9-FF21-4E35-B514-7B053265EDF6}.Debug|Any CPU.Build.0 = Debug|Any CPU
		{7C5F5DE9-FF21-4E35-B514-7B053265EDF6}.Release|Any CPU.ActiveCfg = Release|Any CPU
		{7C5F5DE9-FF21-4E35-B514-7B053265EDF6}.Release|Any CPU.Build.0 = Release|Any CPU
		{2C878615-7D95-4E29-BF4E-6129102FF382}.Debug|Any CPU.ActiveCfg = Debug|Any CPU
		{2C878615-7D95-4E29-BF4E-6129102FF382}.Debug|Any CPU.Build.0 = Debug|Any CPU
		{2C878615-7D95-4E29-BF4E-6129102FF382}.Release|Any CPU.ActiveCfg = Release|Any CPU
		{2C878615-7D95-4E29-BF4E-6129102FF382}.Release|Any CPU.Build.0 = Release|Any CPU
		{FB176BC0-0EE5-4B5A-8A4C-29A6C9B9CF92}.Debug|Any CPU.ActiveCfg = Debug|Any CPU
		{FB176BC0-0EE5-4B5A-8A4C-29A6C9B9CF92}.Debug|Any CPU.Build.0 = Debug|Any CPU
		{FB176BC0-0EE5-4B5A-8A4C-29A6C9B9CF92}.Release|Any CPU.ActiveCfg = Release|Any CPU
		{FB176BC0-0EE5-4B5A-8A4C-29A6C9B9CF92}.Release|Any CPU.Build.0 = Release|Any CPU
	EndGlobalSection
	GlobalSection(SolutionProperties) = preSolution
		HideSolutionNode = FALSE
	EndGlobalSection
	GlobalSection(ExtensibilityGlobals) = postSolution
		SolutionGuid = {CE49D91C-0CCC-4B53-94FF-DCB79C700EBA}
	EndGlobalSection
EndGlobal
